github.com/GoKillers/libsodium-go v0.0.0-20171022220152-dd733721c3cb h1:ilqSFSbR1fq6x88heeHrvAqlg+ES+tZk2ZcaCmiH1gI=
github.com/GoKillers/libsodium-go v0.0.0-20171022220152-dd733721c3cb/go.mod h1:72TQeEkiDH9QMXZa5nJJvZre0UjqqO67X2QEIoOwCRU=
github.com/gokillers/libsodium-go v0.0.0-20171022220152-dd733721c3cb h1:HSUJ2ndjvro00iW0DMspuCekVaSlslRYtxMlyapjQCs=
github.com/gokillers/libsodium-go v0.0.0-20171022220152-dd733721c3cb/go.mod h1:4xP6cq/3G1VbDxm23ScB/a1j8DpPrvAoKOvPaXdY9Y0=
github.com/gorilla/mux v1.8.0 h1:i40aqfkR1h2SlN9hojwV5ZA91wcXFOvkdNIeFDP5koI=
github.com/gorilla/mux v1.8.0/go.mod h1:DVbg23sWSpFRCP0SfiEN6jmj59UnW/n46BH5rLB71So=
github.com/mattn/go-sqlite3 v1.14.16 h1:yOQRA0RpS5PFz/oikGwBEqvAWhWg5ufRz4ETLjwpU1Y=
github.com/mattn/go-sqlite3 v1.14.16/go.mod h1:2eHXhiwb8IkHr+BDWZGa96P6+rkvnG63S2DGjv9HUNg=
golang.org/x/crypto v0.1.0 h1:MDRAIl0xIo9Io2xV565hzXHw3zVseKrJKodhohM5CjU=
golang.org/x/crypto v0.1.0/go.mod h1:RecgLatLF4+eUMCP1PoPZQb+cVrJcOPbHkTkbkB9sbw=
